
Microsoft Visual Studio Solution File, Format Version 12.00
# Visual Studio Version 16
VisualStudioVersion = 16.0.30517.126
MinimumVisualStudioVersion = 10.0.40219.1
Project("{8BC9CEB8-8B4A-11D0-8D11-00A0C91BC942}") = "Lab_1_DataTypes", "Lab_1_DataTypes\Lab_1_DataTypes.vcxproj", "{F9DE1AE8-C6AC-4D20-9F89-6823E5AA40E9}"
EndProject
Project("{2150E333-8FDC-42A3-9474-1A3956D46DE8}") = "Labs", "Labs", "{7F73AA3F-6AC2-4BCE-AC66-82F0607B749C}"
EndProject
Project("{2150E333-8FDC-42A3-9474-1A3956D46DE8}") = "Solution Items", "Solution Items", "{2FA9953A-D40B-4A70-AED7-13DF60AD4341}"
	ProjectSection(SolutionItems) = preProject
		README.md = README.md
	EndProjectSection
EndProject
Project("{8BC9CEB8-8B4A-11D0-8D11-00A0C91BC942}") = "Lab_2_Branches_and_Cycles", "Lab_2_Branches_and_Cycles\Lab_2_Branches_and_Cycles.vcxproj", "{B4F2F692-BA1D-4990-B423-A589FFD5D717}"
EndProject
Project("{8BC9CEB8-8B4A-11D0-8D11-00A0C91BC942}") = "Lab_3_1_Pointers_and_Static_Arrays", "Lab_3_1_Pointers_and_Static_Arrays\Lab_3_1_Pointers_and_Static_Arrays.vcxproj", "{43E53EAE-2792-42F6-AF36-6511460708F8}"
EndProject
Project("{8BC9CEB8-8B4A-11D0-8D11-00A0C91BC942}") = "Lab_3_2_Dynamic_Arrays", "Lab_3_2_Dynamic_Arrays\Lab_3_2_Dynamic_Arrays.vcxproj", "{5660A641-CE43-4B17-9BED-377332CC45CA}"
EndProject
Project("{8BC9CEB8-8B4A-11D0-8D11-00A0C91BC942}") = "Lab_4_1_C_Strings", "Lab_4_C_Strings\Lab_4_C_Strings.vcxproj", "{5194B0E4-7000-4777-811D-31A32C5033E4}"
EndProject
Project("{8BC9CEB8-8B4A-11D0-8D11-00A0C91BC942}") = "Lab_4_2_CPP_Strings_and_Files", "Lab_4_2_CPP_Strings_and_Files\Lab_4_2_CPP_Strings_and_Files.vcxproj", "{7D6F614E-B9AE-4C79-AE01-670E0219ADF7}"
EndProject
Project("{8BC9CEB8-8B4A-11D0-8D11-00A0C91BC942}") = "Lab_4_2_CPP_Strings_and_Files_NOFS", "Lab_4_2_CPP_Strings_and_Files_NOFS\Lab_4_2_CPP_Strings_and_Files_NOFS.vcxproj", "{1F674646-52FF-4AA6-9EC8-32CBDF9E95B6}"
EndProject
Project("{2150E333-8FDC-42A3-9474-1A3956D46DE8}") = "Libs", "Libs", "{A3C1194F-AA8F-4FA7-824F-85A922743DBA}"
EndProject
Project("{8BC9CEB8-8B4A-11D0-8D11-00A0C91BC942}") = "MiscLib", "MiscLib\MiscLib.vcxproj", "{197834B1-E05B-48F8-9E69-74092C173FA0}"
EndProject
Project("{8BC9CEB8-8B4A-11D0-8D11-00A0C91BC942}") = "Lab_5_1_Matrix", "Lab_5_1_Matrix\Lab_5_1_Matrix.vcxproj", "{4FD9C43D-051F-48E7-BCD3-EC42A6AD1212}"
EndProject
Project("{8BC9CEB8-8B4A-11D0-8D11-00A0C91BC942}") = "MatrixLib", "MatrixLib\MatrixLib.vcxproj", "{D5527DD4-AECF-4F67-B446-9CBBC216669F}"
EndProject
Project("{8BC9CEB8-8B4A-11D0-8D11-00A0C91BC942}") = "Lab_5_4_Inheritance", "Lab_5_4_Inheritance\Lab_5_4_Inheritance.vcxproj", "{965FAAF4-F460-4CA5-BF70-00E7EF7B7F95}"
EndProject
Project("{2150E333-8FDC-42A3-9474-1A3956D46DE8}") = "Lab_6", "Lab_6", "{E7545098-CDAC-465F-BED4-CB0F584354F4}"
EndProject
Project("{8BC9CEB8-8B4A-11D0-8D11-00A0C91BC942}") = "Lab_6_1_stack", "Lab_6_1_stack\Lab_6_1_stack.vcxproj", "{D1063660-FBD5-4961-A37F-546FC4F73C6B}"
EndProject
Project("{2150E333-8FDC-42A3-9474-1A3956D46DE8}") = "Lab_3", "Lab_3", "{79B3323A-32E8-4502-99F6-C6A9DE5BEF5C}"
EndProject
Project("{2150E333-8FDC-42A3-9474-1A3956D46DE8}") = "Lab_4", "Lab_4", "{9AEABD85-CB95-463B-AD74-E50B331CC1BC}"
EndProject
Project("{2150E333-8FDC-42A3-9474-1A3956D46DE8}") = "Lab_5", "Lab_5", "{60B9FDD4-9C0F-4D58-8903-010F540E8C22}"
EndProject
Project("{8BC9CEB8-8B4A-11D0-8D11-00A0C91BC942}") = "Lab_6_2_deque", "Lab_6_2_deque\Lab_6_2_deque.vcxproj", "{52B0171F-43DC-4026-A311-B4C512EBF421}"
EndProject
Project("{8BC9CEB8-8B4A-11D0-8D11-00A0C91BC942}") = "Lab_6_3_queue", "Lab_6_3_queue\Lab_6_3_queue.vcxproj", "{80D44004-3EC3-4D5F-B067-D4653485B529}"
EndProject
Project("{8BC9CEB8-8B4A-11D0-8D11-00A0C91BC942}") = "Lab_6_4_sets", "Lab_6_4_sets\Lab_6_4_sets.vcxproj", "{73A55C06-6A2D-4A91-BAC8-484DE7763E05}"
EndProject
Project("{8BC9CEB8-8B4A-11D0-8D11-00A0C91BC942}") = "Lab_6_5_list", "Lab_6_5_list\Lab_6_5_list.vcxproj", "{C7200255-785A-4057-988D-DA996427DC41}"
EndProject
Project("{8BC9CEB8-8B4A-11D0-8D11-00A0C91BC942}") = "Lab_6_6_map", "Lab_6_6_map\Lab_6_6_map.vcxproj", "{40604EC6-52E7-478F-B02A-8785AEAED626}"
EndProject
Project("{2150E333-8FDC-42A3-9474-1A3956D46DE8}") = "Lab_1", "Lab_1", "{322BBE77-0C27-49F3-9B5D-2896FE08E4AA}"
EndProject
Project("{2150E333-8FDC-42A3-9474-1A3956D46DE8}") = "Lab_2", "Lab_2", "{D3698AE3-1F3F-42BC-B4E1-D924D2DD55F8}"
EndProject
Project("{2150E333-8FDC-42A3-9474-1A3956D46DE8}") = "Lab_7", "Lab_7", "{2A1EAC8E-015D-4009-B75B-819074C52EB0}"
EndProject
Project("{8BC9CEB8-8B4A-11D0-8D11-00A0C91BC942}") = "Lab_7_Templates", "Lab_7_Templates\Lab_7_Templates.vcxproj", "{80183FFD-FCD2-4A9E-B3ED-EF310A53EDF8}"
EndProject
Global
	GlobalSection(SolutionConfigurationPlatforms) = preSolution
		Debug|x64 = Debug|x64
		Debug|x86 = Debug|x86
		Release|x64 = Release|x64
		Release|x86 = Release|x86
	EndGlobalSection
	GlobalSection(ProjectConfigurationPlatforms) = postSolution
		{F9DE1AE8-C6AC-4D20-9F89-6823E5AA40E9}.Debug|x64.ActiveCfg = Debug|x64
		{F9DE1AE8-C6AC-4D20-9F89-6823E5AA40E9}.Debug|x64.Build.0 = Debug|x64
		{F9DE1AE8-C6AC-4D20-9F89-6823E5AA40E9}.Debug|x86.ActiveCfg = Debug|Win32
		{F9DE1AE8-C6AC-4D20-9F89-6823E5AA40E9}.Debug|x86.Build.0 = Debug|Win32
		{F9DE1AE8-C6AC-4D20-9F89-6823E5AA40E9}.Release|x64.ActiveCfg = Release|x64
		{F9DE1AE8-C6AC-4D20-9F89-6823E5AA40E9}.Release|x64.Build.0 = Release|x64
		{F9DE1AE8-C6AC-4D20-9F89-6823E5AA40E9}.Release|x86.ActiveCfg = Release|Win32
		{F9DE1AE8-C6AC-4D20-9F89-6823E5AA40E9}.Release|x86.Build.0 = Release|Win32
		{B4F2F692-BA1D-4990-B423-A589FFD5D717}.Debug|x64.ActiveCfg = Debug|x64
		{B4F2F692-BA1D-4990-B423-A589FFD5D717}.Debug|x64.Build.0 = Debug|x64
		{B4F2F692-BA1D-4990-B423-A589FFD5D717}.Debug|x86.ActiveCfg = Debug|Win32
		{B4F2F692-BA1D-4990-B423-A589FFD5D717}.Debug|x86.Build.0 = Debug|Win32
		{B4F2F692-BA1D-4990-B423-A589FFD5D717}.Release|x64.ActiveCfg = Release|x64
		{B4F2F692-BA1D-4990-B423-A589FFD5D717}.Release|x64.Build.0 = Release|x64
		{B4F2F692-BA1D-4990-B423-A589FFD5D717}.Release|x86.ActiveCfg = Release|Win32
		{B4F2F692-BA1D-4990-B423-A589FFD5D717}.Release|x86.Build.0 = Release|Win32
		{43E53EAE-2792-42F6-AF36-6511460708F8}.Debug|x64.ActiveCfg = Debug|x64
		{43E53EAE-2792-42F6-AF36-6511460708F8}.Debug|x64.Build.0 = Debug|x64
		{43E53EAE-2792-42F6-AF36-6511460708F8}.Debug|x86.ActiveCfg = Debug|Win32
		{43E53EAE-2792-42F6-AF36-6511460708F8}.Debug|x86.Build.0 = Debug|Win32
		{43E53EAE-2792-42F6-AF36-6511460708F8}.Release|x64.ActiveCfg = Release|x64
		{43E53EAE-2792-42F6-AF36-6511460708F8}.Release|x64.Build.0 = Release|x64
		{43E53EAE-2792-42F6-AF36-6511460708F8}.Release|x86.ActiveCfg = Release|Win32
		{43E53EAE-2792-42F6-AF36-6511460708F8}.Release|x86.Build.0 = Release|Win32
		{5660A641-CE43-4B17-9BED-377332CC45CA}.Debug|x64.ActiveCfg = Debug|x64
		{5660A641-CE43-4B17-9BED-377332CC45CA}.Debug|x64.Build.0 = Debug|x64
		{5660A641-CE43-4B17-9BED-377332CC45CA}.Debug|x86.ActiveCfg = Debug|Win32
		{5660A641-CE43-4B17-9BED-377332CC45CA}.Debug|x86.Build.0 = Debug|Win32
		{5660A641-CE43-4B17-9BED-377332CC45CA}.Release|x64.ActiveCfg = Release|x64
		{5660A641-CE43-4B17-9BED-377332CC45CA}.Release|x64.Build.0 = Release|x64
		{5660A641-CE43-4B17-9BED-377332CC45CA}.Release|x86.ActiveCfg = Release|Win32
		{5660A641-CE43-4B17-9BED-377332CC45CA}.Release|x86.Build.0 = Release|Win32
		{5194B0E4-7000-4777-811D-31A32C5033E4}.Debug|x64.ActiveCfg = Debug|x64
		{5194B0E4-7000-4777-811D-31A32C5033E4}.Debug|x64.Build.0 = Debug|x64
		{5194B0E4-7000-4777-811D-31A32C5033E4}.Debug|x86.ActiveCfg = Debug|Win32
		{5194B0E4-7000-4777-811D-31A32C5033E4}.Debug|x86.Build.0 = Debug|Win32
		{5194B0E4-7000-4777-811D-31A32C5033E4}.Release|x64.ActiveCfg = Release|x64
		{5194B0E4-7000-4777-811D-31A32C5033E4}.Release|x64.Build.0 = Release|x64
		{5194B0E4-7000-4777-811D-31A32C5033E4}.Release|x86.ActiveCfg = Release|Win32
		{5194B0E4-7000-4777-811D-31A32C5033E4}.Release|x86.Build.0 = Release|Win32
		{7D6F614E-B9AE-4C79-AE01-670E0219ADF7}.Debug|x64.ActiveCfg = Debug|x64
		{7D6F614E-B9AE-4C79-AE01-670E0219ADF7}.Debug|x64.Build.0 = Debug|x64
		{7D6F614E-B9AE-4C79-AE01-670E0219ADF7}.Debug|x86.ActiveCfg = Debug|Win32
		{7D6F614E-B9AE-4C79-AE01-670E0219ADF7}.Debug|x86.Build.0 = Debug|Win32
		{7D6F614E-B9AE-4C79-AE01-670E0219ADF7}.Release|x64.ActiveCfg = Release|x64
		{7D6F614E-B9AE-4C79-AE01-670E0219ADF7}.Release|x64.Build.0 = Release|x64
		{7D6F614E-B9AE-4C79-AE01-670E0219ADF7}.Release|x86.ActiveCfg = Release|Win32
		{7D6F614E-B9AE-4C79-AE01-670E0219ADF7}.Release|x86.Build.0 = Release|Win32
		{1F674646-52FF-4AA6-9EC8-32CBDF9E95B6}.Debug|x64.ActiveCfg = Debug|x64
		{1F674646-52FF-4AA6-9EC8-32CBDF9E95B6}.Debug|x64.Build.0 = Debug|x64
		{1F674646-52FF-4AA6-9EC8-32CBDF9E95B6}.Debug|x86.ActiveCfg = Debug|Win32
		{1F674646-52FF-4AA6-9EC8-32CBDF9E95B6}.Debug|x86.Build.0 = Debug|Win32
		{1F674646-52FF-4AA6-9EC8-32CBDF9E95B6}.Release|x64.ActiveCfg = Release|x64
		{1F674646-52FF-4AA6-9EC8-32CBDF9E95B6}.Release|x64.Build.0 = Release|x64
		{1F674646-52FF-4AA6-9EC8-32CBDF9E95B6}.Release|x86.ActiveCfg = Release|Win32
		{1F674646-52FF-4AA6-9EC8-32CBDF9E95B6}.Release|x86.Build.0 = Release|Win32
		{197834B1-E05B-48F8-9E69-74092C173FA0}.Debug|x64.ActiveCfg = Debug|x64
		{197834B1-E05B-48F8-9E69-74092C173FA0}.Debug|x64.Build.0 = Debug|x64
		{197834B1-E05B-48F8-9E69-74092C173FA0}.Debug|x86.ActiveCfg = Debug|Win32
		{197834B1-E05B-48F8-9E69-74092C173FA0}.Debug|x86.Build.0 = Debug|Win32
		{197834B1-E05B-48F8-9E69-74092C173FA0}.Release|x64.ActiveCfg = Release|x64
		{197834B1-E05B-48F8-9E69-74092C173FA0}.Release|x64.Build.0 = Release|x64
		{197834B1-E05B-48F8-9E69-74092C173FA0}.Release|x86.ActiveCfg = Release|Win32
		{197834B1-E05B-48F8-9E69-74092C173FA0}.Release|x86.Build.0 = Release|Win32
		{4FD9C43D-051F-48E7-BCD3-EC42A6AD1212}.Debug|x64.ActiveCfg = Debug|x64
		{4FD9C43D-051F-48E7-BCD3-EC42A6AD1212}.Debug|x64.Build.0 = Debug|x64
		{4FD9C43D-051F-48E7-BCD3-EC42A6AD1212}.Debug|x86.ActiveCfg = Debug|Win32
		{4FD9C43D-051F-48E7-BCD3-EC42A6AD1212}.Debug|x86.Build.0 = Debug|Win32
		{4FD9C43D-051F-48E7-BCD3-EC42A6AD1212}.Release|x64.ActiveCfg = Release|x64
		{4FD9C43D-051F-48E7-BCD3-EC42A6AD1212}.Release|x64.Build.0 = Release|x64
		{4FD9C43D-051F-48E7-BCD3-EC42A6AD1212}.Release|x86.ActiveCfg = Release|Win32
		{4FD9C43D-051F-48E7-BCD3-EC42A6AD1212}.Release|x86.Build.0 = Release|Win32
		{D5527DD4-AECF-4F67-B446-9CBBC216669F}.Debug|x64.ActiveCfg = Debug|x64
		{D5527DD4-AECF-4F67-B446-9CBBC216669F}.Debug|x64.Build.0 = Debug|x64
		{D5527DD4-AECF-4F67-B446-9CBBC216669F}.Debug|x86.ActiveCfg = Debug|Win32
		{D5527DD4-AECF-4F67-B446-9CBBC216669F}.Debug|x86.Build.0 = Debug|Win32
		{D5527DD4-AECF-4F67-B446-9CBBC216669F}.Release|x64.ActiveCfg = Release|x64
		{D5527DD4-AECF-4F67-B446-9CBBC216669F}.Release|x64.Build.0 = Release|x64
		{D5527DD4-AECF-4F67-B446-9CBBC216669F}.Release|x86.ActiveCfg = Release|Win32
		{D5527DD4-AECF-4F67-B446-9CBBC216669F}.Release|x86.Build.0 = Release|Win32
		{965FAAF4-F460-4CA5-BF70-00E7EF7B7F95}.Debug|x64.ActiveCfg = Debug|x64
		{965FAAF4-F460-4CA5-BF70-00E7EF7B7F95}.Debug|x64.Build.0 = Debug|x64
		{965FAAF4-F460-4CA5-BF70-00E7EF7B7F95}.Debug|x86.ActiveCfg = Debug|Win32
		{965FAAF4-F460-4CA5-BF70-00E7EF7B7F95}.Debug|x86.Build.0 = Debug|Win32
		{965FAAF4-F460-4CA5-BF70-00E7EF7B7F95}.Release|x64.ActiveCfg = Release|x64
		{965FAAF4-F460-4CA5-BF70-00E7EF7B7F95}.Release|x64.Build.0 = Release|x64
		{965FAAF4-F460-4CA5-BF70-00E7EF7B7F95}.Release|x86.ActiveCfg = Release|Win32
		{965FAAF4-F460-4CA5-BF70-00E7EF7B7F95}.Release|x86.Build.0 = Release|Win32
		{D1063660-FBD5-4961-A37F-546FC4F73C6B}.Debug|x64.ActiveCfg = Debug|x64
		{D1063660-FBD5-4961-A37F-546FC4F73C6B}.Debug|x64.Build.0 = Debug|x64
		{D1063660-FBD5-4961-A37F-546FC4F73C6B}.Debug|x86.ActiveCfg = Debug|Win32
		{D1063660-FBD5-4961-A37F-546FC4F73C6B}.Debug|x86.Build.0 = Debug|Win32
		{D1063660-FBD5-4961-A37F-546FC4F73C6B}.Release|x64.ActiveCfg = Release|x64
		{D1063660-FBD5-4961-A37F-546FC4F73C6B}.Release|x64.Build.0 = Release|x64
		{D1063660-FBD5-4961-A37F-546FC4F73C6B}.Release|x86.ActiveCfg = Release|Win32
		{D1063660-FBD5-4961-A37F-546FC4F73C6B}.Release|x86.Build.0 = Release|Win32
		{52B0171F-43DC-4026-A311-B4C512EBF421}.Debug|x64.ActiveCfg = Debug|x64
		{52B0171F-43DC-4026-A311-B4C512EBF421}.Debug|x64.Build.0 = Debug|x64
		{52B0171F-43DC-4026-A311-B4C512EBF421}.Debug|x86.ActiveCfg = Debug|Win32
		{52B0171F-43DC-4026-A311-B4C512EBF421}.Debug|x86.Build.0 = Debug|Win32
		{52B0171F-43DC-4026-A311-B4C512EBF421}.Release|x64.ActiveCfg = Release|x64
		{52B0171F-43DC-4026-A311-B4C512EBF421}.Release|x64.Build.0 = Release|x64
		{52B0171F-43DC-4026-A311-B4C512EBF421}.Release|x86.ActiveCfg = Release|Win32
		{52B0171F-43DC-4026-A311-B4C512EBF421}.Release|x86.Build.0 = Release|Win32
		{80D44004-3EC3-4D5F-B067-D4653485B529}.Debug|x64.ActiveCfg = Debug|x64
		{80D44004-3EC3-4D5F-B067-D4653485B529}.Debug|x64.Build.0 = Debug|x64
		{80D44004-3EC3-4D5F-B067-D4653485B529}.Debug|x86.ActiveCfg = Debug|Win32
		{80D44004-3EC3-4D5F-B067-D4653485B529}.Debug|x86.Build.0 = Debug|Win32
		{80D44004-3EC3-4D5F-B067-D4653485B529}.Release|x64.ActiveCfg = Release|x64
		{80D44004-3EC3-4D5F-B067-D4653485B529}.Release|x64.Build.0 = Release|x64
		{80D44004-3EC3-4D5F-B067-D4653485B529}.Release|x86.ActiveCfg = Release|Win32
		{80D44004-3EC3-4D5F-B067-D4653485B529}.Release|x86.Build.0 = Release|Win32
		{73A55C06-6A2D-4A91-BAC8-484DE7763E05}.Debug|x64.ActiveCfg = Debug|x64
		{73A55C06-6A2D-4A91-BAC8-484DE7763E05}.Debug|x64.Build.0 = Debug|x64
		{73A55C06-6A2D-4A91-BAC8-484DE7763E05}.Debug|x86.ActiveCfg = Debug|Win32
		{73A55C06-6A2D-4A91-BAC8-484DE7763E05}.Debug|x86.Build.0 = Debug|Win32
		{73A55C06-6A2D-4A91-BAC8-484DE7763E05}.Release|x64.ActiveCfg = Release|x64
		{73A55C06-6A2D-4A91-BAC8-484DE7763E05}.Release|x64.Build.0 = Release|x64
		{73A55C06-6A2D-4A91-BAC8-484DE7763E05}.Release|x86.ActiveCfg = Release|Win32
		{73A55C06-6A2D-4A91-BAC8-484DE7763E05}.Release|x86.Build.0 = Release|Win32
		{C7200255-785A-4057-988D-DA996427DC41}.Debug|x64.ActiveCfg = Debug|x64
		{C7200255-785A-4057-988D-DA996427DC41}.Debug|x64.Build.0 = Debug|x64
		{C7200255-785A-4057-988D-DA996427DC41}.Debug|x86.ActiveCfg = Debug|Win32
		{C7200255-785A-4057-988D-DA996427DC41}.Debug|x86.Build.0 = Debug|Win32
		{C7200255-785A-4057-988D-DA996427DC41}.Release|x64.ActiveCfg = Release|x64
		{C7200255-785A-4057-988D-DA996427DC41}.Release|x64.Build.0 = Release|x64
		{C7200255-785A-4057-988D-DA996427DC41}.Release|x86.ActiveCfg = Release|Win32
		{C7200255-785A-4057-988D-DA996427DC41}.Release|x86.Build.0 = Release|Win32
		{40604EC6-52E7-478F-B02A-8785AEAED626}.Debug|x64.ActiveCfg = Debug|x64
		{40604EC6-52E7-478F-B02A-8785AEAED626}.Debug|x64.Build.0 = Debug|x64
		{40604EC6-52E7-478F-B02A-8785AEAED626}.Debug|x86.ActiveCfg = Debug|Win32
		{40604EC6-52E7-478F-B02A-8785AEAED626}.Debug|x86.Build.0 = Debug|Win32
		{40604EC6-52E7-478F-B02A-8785AEAED626}.Release|x64.ActiveCfg = Release|x64
		{40604EC6-52E7-478F-B02A-8785AEAED626}.Release|x64.Build.0 = Release|x64
		{40604EC6-52E7-478F-B02A-8785AEAED626}.Release|x86.ActiveCfg = Release|Win32
		{40604EC6-52E7-478F-B02A-8785AEAED626}.Release|x86.Build.0 = Release|Win32
		{80183FFD-FCD2-4A9E-B3ED-EF310A53EDF8}.Debug|x64.ActiveCfg = Debug|x64
		{80183FFD-FCD2-4A9E-B3ED-EF310A53EDF8}.Debug|x64.Build.0 = Debug|x64
		{80183FFD-FCD2-4A9E-B3ED-EF310A53EDF8}.Debug|x86.ActiveCfg = Debug|Win32
		{80183FFD-FCD2-4A9E-B3ED-EF310A53EDF8}.Debug|x86.Build.0 = Debug|Win32
		{80183FFD-FCD2-4A9E-B3ED-EF310A53EDF8}.Release|x64.ActiveCfg = Release|x64
		{80183FFD-FCD2-4A9E-B3ED-EF310A53EDF8}.Release|x64.Build.0 = Release|x64
		{80183FFD-FCD2-4A9E-B3ED-EF310A53EDF8}.Release|x86.ActiveCfg = Release|Win32
		{80183FFD-FCD2-4A9E-B3ED-EF310A53EDF8}.Release|x86.Build.0 = Release|Win32
	EndGlobalSection
	GlobalSection(SolutionProperties) = preSolution
		HideSolutionNode = FALSE
	EndGlobalSection
	GlobalSection(NestedProjects) = preSolution
		{F9DE1AE8-C6AC-4D20-9F89-6823E5AA40E9} = {322BBE77-0C27-49F3-9B5D-2896FE08E4AA}
		{B4F2F692-BA1D-4990-B423-A589FFD5D717} = {D3698AE3-1F3F-42BC-B4E1-D924D2DD55F8}
		{43E53EAE-2792-42F6-AF36-6511460708F8} = {79B3323A-32E8-4502-99F6-C6A9DE5BEF5C}
		{5660A641-CE43-4B17-9BED-377332CC45CA} = {79B3323A-32E8-4502-99F6-C6A9DE5BEF5C}
		{5194B0E4-7000-4777-811D-31A32C5033E4} = {9AEABD85-CB95-463B-AD74-E50B331CC1BC}
		{7D6F614E-B9AE-4C79-AE01-670E0219ADF7} = {9AEABD85-CB95-463B-AD74-E50B331CC1BC}
		{1F674646-52FF-4AA6-9EC8-32CBDF9E95B6} = {9AEABD85-CB95-463B-AD74-E50B331CC1BC}
		{197834B1-E05B-48F8-9E69-74092C173FA0} = {A3C1194F-AA8F-4FA7-824F-85A922743DBA}
		{4FD9C43D-051F-48E7-BCD3-EC42A6AD1212} = {60B9FDD4-9C0F-4D58-8903-010F540E8C22}
		{D5527DD4-AECF-4F67-B446-9CBBC216669F} = {A3C1194F-AA8F-4FA7-824F-85A922743DBA}
		{965FAAF4-F460-4CA5-BF70-00E7EF7B7F95} = {60B9FDD4-9C0F-4D58-8903-010F540E8C22}
		{E7545098-CDAC-465F-BED4-CB0F584354F4} = {7F73AA3F-6AC2-4BCE-AC66-82F0607B749C}
		{D1063660-FBD5-4961-A37F-546FC4F73C6B} = {E7545098-CDAC-465F-BED4-CB0F584354F4}
		{79B3323A-32E8-4502-99F6-C6A9DE5BEF5C} = {7F73AA3F-6AC2-4BCE-AC66-82F0607B749C}
		{9AEABD85-CB95-463B-AD74-E50B331CC1BC} = {7F73AA3F-6AC2-4BCE-AC66-82F0607B749C}
		{60B9FDD4-9C0F-4D58-8903-010F540E8C22} = {7F73AA3F-6AC2-4BCE-AC66-82F0607B749C}
		{52B0171F-43DC-4026-A311-B4C512EBF421} = {E7545098-CDAC-465F-BED4-CB0F584354F4}
		{80D44004-3EC3-4D5F-B067-D4653485B529} = {E7545098-CDAC-465F-BED4-CB0F584354F4}
		{73A55C06-6A2D-4A91-BAC8-484DE7763E05} = {E7545098-CDAC-465F-BED4-CB0F584354F4}
		{C7200255-785A-4057-988D-DA996427DC41} = {E7545098-CDAC-465F-BED4-CB0F584354F4}
		{40604EC6-52E7-478F-B02A-8785AEAED626} = {E7545098-CDAC-465F-BED4-CB0F584354F4}
		{322BBE77-0C27-49F3-9B5D-2896FE08E4AA} = {7F73AA3F-6AC2-4BCE-AC66-82F0607B749C}
		{D3698AE3-1F3F-42BC-B4E1-D924D2DD55F8} = {7F73AA3F-6AC2-4BCE-AC66-82F0607B749C}
		{2A1EAC8E-015D-4009-B75B-819074C52EB0} = {7F73AA3F-6AC2-4BCE-AC66-82F0607B749C}
		{80183FFD-FCD2-4A9E-B3ED-EF310A53EDF8} = {2A1EAC8E-015D-4009-B75B-819074C52EB0}
	EndGlobalSection
	GlobalSection(ExtensibilityGlobals) = postSolution
		SolutionGuid = {7F2B28F3-2956-497B-9978-5BC1FABCFDC9}
	EndGlobalSection
EndGlobal
